
Microsoft Visual Studio Solution File, Format Version 12.00
# Visual Studio 15
VisualStudioVersion = 15.0.28307.421
MinimumVisualStudioVersion = 10.0.40219.1
Project("{A07B5EB6-E848-4116-A8D0-A826331D98C6}") = "WorkshopSim", "WorkshopSim\WorkshopSim.sfproj", "{DD4B6F79-27BE-46C4-BF6A-66C938CC18DE}"
EndProject
Project("{2150E333-8FDC-42A3-9474-1A3956D46DE8}") = "Sim", "Sim", "{3DFD3B49-205E-45AC-9F3A-E13CD991DFC5}"
EndProject
Project("{A07B5EB6-E848-4116-A8D0-A826331D98C6}") = "ModuleApp", "ModuleApp\ModuleApp.sfproj", "{50B171AA-3413-4DA0-BDBB-3BA7372945C7}"
EndProject
Project("{9A19103F-16F7-4668-BE54-9A1E7A4F7556}") = "Modules", "Modules\Modules.csproj", "{41AFFEAE-82BA-460F-8947-0A10305AA9B9}"
EndProject
Project("{2150E333-8FDC-42A3-9474-1A3956D46DE8}") = "Module", "Module", "{201DDA9E-307B-49F5-A422-81EC14F39362}"
EndProject
Project("{9A19103F-16F7-4668-BE54-9A1E7A4F7556}") = "Module.Common", "Module.Common\Module.Common.csproj", "{A03D2A1A-8DF9-4C2B-9B22-B3A91A5906A7}"
EndProject
Project("{2150E333-8FDC-42A3-9474-1A3956D46DE8}") = "Test", "Test", "{8715B587-5BA6-4686-A067-EC6E118635F7}"
EndProject
Project("{FAE04EC0-301F-11D3-BF4B-00C04F79EFBC}") = "ConsoleRunner", "ConsoleRunner\ConsoleRunner.csproj", "{216B79F6-2A1C-4693-9E8F-2B9D4D6B1C8C}"
EndProject
Project("{2150E333-8FDC-42A3-9474-1A3956D46DE8}") = "SimData", "SimData", "{CFED36E0-54CF-4957-96E1-BB7034421913}"
EndProject
Project("{A07B5EB6-E848-4116-A8D0-A826331D98C6}") = "SimDataApp", "SimDataApp\SimDataApp.sfproj", "{DDF7916C-6A95-4EAB-A01E-752782291A32}"
EndProject
Project("{FAE04EC0-301F-11D3-BF4B-00C04F79EFBC}") = "SimDataProcessor", "SimDataProcessor\SimDataProcessor.csproj", "{420D395E-89DB-49F3-BBA6-4DCE38C8A30F}"
EndProject
Project("{2150E333-8FDC-42A3-9474-1A3956D46DE8}") = "BinClass", "BinClass", "{372EE95B-CE14-4106-A9E4-4DB70253DF80}"
EndProject
Project("{A07B5EB6-E848-4116-A8D0-A826331D98C6}") = "BinClassApp", "BinClassApp\BinClassApp.sfproj", "{438EE219-F065-4C54-84B6-4B33246A130A}"
EndProject
Project("{FAE04EC0-301F-11D3-BF4B-00C04F79EFBC}") = "BinLogicService", "BinLogicService\BinLogicService.csproj", "{D8948198-D0A9-4F5D-9150-333DA3F4D4FE}"
EndProject
Project("{FAE04EC0-301F-11D3-BF4B-00C04F79EFBC}") = "BinClass.Common", "BinClass.Common\BinClass.Common.csproj", "{F29D23BB-86C9-4891-B2F6-D709E978C161}"
EndProject
Project("{FAE04EC0-301F-11D3-BF4B-00C04F79EFBC}") = "BinClassRequestProcessor", "BinClassRequestProcessor\BinClassRequestProcessor.csproj", "{9ACECFEB-FCCF-4CA8-B8A2-24DE399EB88A}"
EndProject
Global
	GlobalSection(SolutionConfigurationPlatforms) = preSolution
		Debug|Any CPU = Debug|Any CPU
		Debug|x64 = Debug|x64
		Release|Any CPU = Release|Any CPU
		Release|x64 = Release|x64
	EndGlobalSection
	GlobalSection(ProjectConfigurationPlatforms) = postSolution
		{DD4B6F79-27BE-46C4-BF6A-66C938CC18DE}.Debug|Any CPU.ActiveCfg = Debug|x64
		{DD4B6F79-27BE-46C4-BF6A-66C938CC18DE}.Debug|x64.ActiveCfg = Debug|x64
		{DD4B6F79-27BE-46C4-BF6A-66C938CC18DE}.Debug|x64.Build.0 = Debug|x64
		{DD4B6F79-27BE-46C4-BF6A-66C938CC18DE}.Debug|x64.Deploy.0 = Debug|x64
		{DD4B6F79-27BE-46C4-BF6A-66C938CC18DE}.Release|Any CPU.ActiveCfg = Release|x64
		{DD4B6F79-27BE-46C4-BF6A-66C938CC18DE}.Release|x64.ActiveCfg = Release|x64
		{DD4B6F79-27BE-46C4-BF6A-66C938CC18DE}.Release|x64.Build.0 = Release|x64
		{DD4B6F79-27BE-46C4-BF6A-66C938CC18DE}.Release|x64.Deploy.0 = Release|x64
		{50B171AA-3413-4DA0-BDBB-3BA7372945C7}.Debug|Any CPU.ActiveCfg = Debug|x64
		{50B171AA-3413-4DA0-BDBB-3BA7372945C7}.Debug|x64.ActiveCfg = Debug|x64
		{50B171AA-3413-4DA0-BDBB-3BA7372945C7}.Debug|x64.Build.0 = Debug|x64
		{50B171AA-3413-4DA0-BDBB-3BA7372945C7}.Debug|x64.Deploy.0 = Debug|x64
		{50B171AA-3413-4DA0-BDBB-3BA7372945C7}.Release|Any CPU.ActiveCfg = Release|x64
		{50B171AA-3413-4DA0-BDBB-3BA7372945C7}.Release|x64.ActiveCfg = Release|x64
		{50B171AA-3413-4DA0-BDBB-3BA7372945C7}.Release|x64.Build.0 = Release|x64
		{50B171AA-3413-4DA0-BDBB-3BA7372945C7}.Release|x64.Deploy.0 = Release|x64
		{41AFFEAE-82BA-460F-8947-0A10305AA9B9}.Debug|Any CPU.ActiveCfg = Debug|Any CPU
		{41AFFEAE-82BA-460F-8947-0A10305AA9B9}.Debug|Any CPU.Build.0 = Debug|Any CPU
		{41AFFEAE-82BA-460F-8947-0A10305AA9B9}.Debug|x64.ActiveCfg = Debug|Any CPU
		{41AFFEAE-82BA-460F-8947-0A10305AA9B9}.Debug|x64.Build.0 = Debug|Any CPU
		{41AFFEAE-82BA-460F-8947-0A10305AA9B9}.Release|Any CPU.ActiveCfg = Release|Any CPU
		{41AFFEAE-82BA-460F-8947-0A10305AA9B9}.Release|Any CPU.Build.0 = Release|Any CPU
		{41AFFEAE-82BA-460F-8947-0A10305AA9B9}.Release|x64.ActiveCfg = Release|Any CPU
		{41AFFEAE-82BA-460F-8947-0A10305AA9B9}.Release|x64.Build.0 = Release|Any CPU
		{A03D2A1A-8DF9-4C2B-9B22-B3A91A5906A7}.Debug|Any CPU.ActiveCfg = Debug|Any CPU
		{A03D2A1A-8DF9-4C2B-9B22-B3A91A5906A7}.Debug|Any CPU.Build.0 = Debug|Any CPU
		{A03D2A1A-8DF9-4C2B-9B22-B3A91A5906A7}.Debug|x64.ActiveCfg = Debug|Any CPU
		{A03D2A1A-8DF9-4C2B-9B22-B3A91A5906A7}.Debug|x64.Build.0 = Debug|Any CPU
		{A03D2A1A-8DF9-4C2B-9B22-B3A91A5906A7}.Release|Any CPU.ActiveCfg = Release|Any CPU
		{A03D2A1A-8DF9-4C2B-9B22-B3A91A5906A7}.Release|Any CPU.Build.0 = Release|Any CPU
		{A03D2A1A-8DF9-4C2B-9B22-B3A91A5906A7}.Release|x64.ActiveCfg = Release|Any CPU
		{A03D2A1A-8DF9-4C2B-9B22-B3A91A5906A7}.Release|x64.Build.0 = Release|Any CPU
		{216B79F6-2A1C-4693-9E8F-2B9D4D6B1C8C}.Debug|Any CPU.ActiveCfg = Debug|Any CPU
		{216B79F6-2A1C-4693-9E8F-2B9D4D6B1C8C}.Debug|Any CPU.Build.0 = Debug|Any CPU
		{216B79F6-2A1C-4693-9E8F-2B9D4D6B1C8C}.Debug|x64.ActiveCfg = Debug|Any CPU
		{216B79F6-2A1C-4693-9E8F-2B9D4D6B1C8C}.Debug|x64.Build.0 = Debug|Any CPU
		{216B79F6-2A1C-4693-9E8F-2B9D4D6B1C8C}.Release|Any CPU.ActiveCfg = Release|Any CPU
		{216B79F6-2A1C-4693-9E8F-2B9D4D6B1C8C}.Release|Any CPU.Build.0 = Release|Any CPU
		{216B79F6-2A1C-4693-9E8F-2B9D4D6B1C8C}.Release|x64.ActiveCfg = Release|Any CPU
		{216B79F6-2A1C-4693-9E8F-2B9D4D6B1C8C}.Release|x64.Build.0 = Release|Any CPU
		{DDF7916C-6A95-4EAB-A01E-752782291A32}.Debug|Any CPU.ActiveCfg = Debug|x64
		{DDF7916C-6A95-4EAB-A01E-752782291A32}.Debug|x64.ActiveCfg = Debug|x64
		{DDF7916C-6A95-4EAB-A01E-752782291A32}.Debug|x64.Build.0 = Debug|x64
		{DDF7916C-6A95-4EAB-A01E-752782291A32}.Debug|x64.Deploy.0 = Debug|x64
		{DDF7916C-6A95-4EAB-A01E-752782291A32}.Release|Any CPU.ActiveCfg = Release|x64
		{DDF7916C-6A95-4EAB-A01E-752782291A32}.Release|x64.ActiveCfg = Release|x64
		{DDF7916C-6A95-4EAB-A01E-752782291A32}.Release|x64.Build.0 = Release|x64
		{DDF7916C-6A95-4EAB-A01E-752782291A32}.Release|x64.Deploy.0 = Release|x64
		{420D395E-89DB-49F3-BBA6-4DCE38C8A30F}.Debug|Any CPU.ActiveCfg = Debug|Any CPU
		{420D395E-89DB-49F3-BBA6-4DCE38C8A30F}.Debug|Any CPU.Build.0 = Debug|Any CPU
		{420D395E-89DB-49F3-BBA6-4DCE38C8A30F}.Debug|x64.ActiveCfg = Debug|Any CPU
		{420D395E-89DB-49F3-BBA6-4DCE38C8A30F}.Debug|x64.Build.0 = Debug|Any CPU
		{420D395E-89DB-49F3-BBA6-4DCE38C8A30F}.Release|Any CPU.ActiveCfg = Release|Any CPU
		{420D395E-89DB-49F3-BBA6-4DCE38C8A30F}.Release|Any CPU.Build.0 = Release|Any CPU
		{420D395E-89DB-49F3-BBA6-4DCE38C8A30F}.Release|x64.ActiveCfg = Release|Any CPU
		{420D395E-89DB-49F3-BBA6-4DCE38C8A30F}.Release|x64.Build.0 = Release|Any CPU
		{438EE219-F065-4C54-84B6-4B33246A130A}.Debug|Any CPU.ActiveCfg = Debug|x64
		{438EE219-F065-4C54-84B6-4B33246A130A}.Debug|x64.ActiveCfg = Debug|x64
		{438EE219-F065-4C54-84B6-4B33246A130A}.Debug|x64.Build.0 = Debug|x64
		{438EE219-F065-4C54-84B6-4B33246A130A}.Debug|x64.Deploy.0 = Debug|x64
		{438EE219-F065-4C54-84B6-4B33246A130A}.Release|Any CPU.ActiveCfg = Release|x64
		{438EE219-F065-4C54-84B6-4B33246A130A}.Release|x64.ActiveCfg = Release|x64
		{438EE219-F065-4C54-84B6-4B33246A130A}.Release|x64.Build.0 = Release|x64
		{438EE219-F065-4C54-84B6-4B33246A130A}.Release|x64.Deploy.0 = Release|x64
		{D8948198-D0A9-4F5D-9150-333DA3F4D4FE}.Debug|Any CPU.ActiveCfg = Debug|Any CPU
		{D8948198-D0A9-4F5D-9150-333DA3F4D4FE}.Debug|Any CPU.Build.0 = Debug|Any CPU
		{D8948198-D0A9-4F5D-9150-333DA3F4D4FE}.Debug|x64.ActiveCfg = Debug|Any CPU
		{D8948198-D0A9-4F5D-9150-333DA3F4D4FE}.Debug|x64.Build.0 = Debug|Any CPU
		{D8948198-D0A9-4F5D-9150-333DA3F4D4FE}.Release|Any CPU.ActiveCfg = Release|Any CPU
		{D8948198-D0A9-4F5D-9150-333DA3F4D4FE}.Release|Any CPU.Build.0 = Release|Any CPU
		{D8948198-D0A9-4F5D-9150-333DA3F4D4FE}.Release|x64.ActiveCfg = Release|Any CPU
		{D8948198-D0A9-4F5D-9150-333DA3F4D4FE}.Release|x64.Build.0 = Release|Any CPU
		{F29D23BB-86C9-4891-B2F6-D709E978C161}.Debug|Any CPU.ActiveCfg = Debug|Any CPU
		{F29D23BB-86C9-4891-B2F6-D709E978C161}.Debug|Any CPU.Build.0 = Debug|Any CPU
		{F29D23BB-86C9-4891-B2F6-D709E978C161}.Debug|x64.ActiveCfg = Debug|Any CPU
		{F29D23BB-86C9-4891-B2F6-D709E978C161}.Debug|x64.Build.0 = Debug|Any CPU
		{F29D23BB-86C9-4891-B2F6-D709E978C161}.Release|Any CPU.ActiveCfg = Release|Any CPU
		{F29D23BB-86C9-4891-B2F6-D709E978C161}.Release|Any CPU.Build.0 = Release|Any CPU
		{F29D23BB-86C9-4891-B2F6-D709E978C161}.Release|x64.ActiveCfg = Release|Any CPU
		{F29D23BB-86C9-4891-B2F6-D709E978C161}.Release|x64.Build.0 = Release|Any CPU
		{9ACECFEB-FCCF-4CA8-B8A2-24DE399EB88A}.Debug|Any CPU.ActiveCfg = Debug|Any CPU
		{9ACECFEB-FCCF-4CA8-B8A2-24DE399EB88A}.Debug|Any CPU.Build.0 = Debug|Any CPU
		{9ACECFEB-FCCF-4CA8-B8A2-24DE399EB88A}.Debug|x64.ActiveCfg = Debug|Any CPU
		{9ACECFEB-FCCF-4CA8-B8A2-24DE399EB88A}.Debug|x64.Build.0 = Debug|Any CPU
		{9ACECFEB-FCCF-4CA8-B8A2-24DE399EB88A}.Release|Any CPU.ActiveCfg = Release|Any CPU
		{9ACECFEB-FCCF-4CA8-B8A2-24DE399EB88A}.Release|Any CPU.Build.0 = Release|Any CPU
		{9ACECFEB-FCCF-4CA8-B8A2-24DE399EB88A}.Release|x64.ActiveCfg = Release|Any CPU
		{9ACECFEB-FCCF-4CA8-B8A2-24DE399EB88A}.Release|x64.Build.0 = Release|Any CPU
	EndGlobalSection
	GlobalSection(SolutionProperties) = preSolution
		HideSolutionNode = FALSE
	EndGlobalSection
	GlobalSection(NestedProjects) = preSolution
		{DD4B6F79-27BE-46C4-BF6A-66C938CC18DE} = {3DFD3B49-205E-45AC-9F3A-E13CD991DFC5}
		{50B171AA-3413-4DA0-BDBB-3BA7372945C7} = {201DDA9E-307B-49F5-A422-81EC14F39362}
		{41AFFEAE-82BA-460F-8947-0A10305AA9B9} = {201DDA9E-307B-49F5-A422-81EC14F39362}
		{A03D2A1A-8DF9-4C2B-9B22-B3A91A5906A7} = {201DDA9E-307B-49F5-A422-81EC14F39362}
		{8715B587-5BA6-4686-A067-EC6E118635F7} = {201DDA9E-307B-49F5-A422-81EC14F39362}
		{216B79F6-2A1C-4693-9E8F-2B9D4D6B1C8C} = {8715B587-5BA6-4686-A067-EC6E118635F7}
		{DDF7916C-6A95-4EAB-A01E-752782291A32} = {CFED36E0-54CF-4957-96E1-BB7034421913}
		{420D395E-89DB-49F3-BBA6-4DCE38C8A30F} = {CFED36E0-54CF-4957-96E1-BB7034421913}
		{438EE219-F065-4C54-84B6-4B33246A130A} = {372EE95B-CE14-4106-A9E4-4DB70253DF80}
		{D8948198-D0A9-4F5D-9150-333DA3F4D4FE} = {372EE95B-CE14-4106-A9E4-4DB70253DF80}
		{F29D23BB-86C9-4891-B2F6-D709E978C161} = {372EE95B-CE14-4106-A9E4-4DB70253DF80}
		{9ACECFEB-FCCF-4CA8-B8A2-24DE399EB88A} = {372EE95B-CE14-4106-A9E4-4DB70253DF80}
	EndGlobalSection
	GlobalSection(ExtensibilityGlobals) = postSolution
		SolutionGuid = {6F03330A-E9F8-4DEF-8A2F-2F7E99663B7A}
	EndGlobalSection
EndGlobal
